// !$*UTF8*$!
{
	archiveVersion = 1;
	classes = {
	};
	objectVersion = 46;
	objects = {

/* Begin PBXBuildFile section */
		4B1B96ED1EA6EDDC00DED4CC /* AppDelegate.swift in Sources */ = {isa = PBXBuildFile; fileRef = 4B1B96EC1EA6EDDC00DED4CC /* AppDelegate.swift */; };
		4B1B96EF1EA6EDDC00DED4CC /* ViewController.swift in Sources */ = {isa = PBXBuildFile; fileRef = 4B1B96EE1EA6EDDC00DED4CC /* ViewController.swift */; };
		4B1B96F21EA6EDDC00DED4CC /* Main.storyboard in Resources */ = {isa = PBXBuildFile; fileRef = 4B1B96F01EA6EDDC00DED4CC /* Main.storyboard */; };
		4B1B96F41EA6EDDC00DED4CC /* Assets.xcassets in Resources */ = {isa = PBXBuildFile; fileRef = 4B1B96F31EA6EDDC00DED4CC /* Assets.xcassets */; };
		4B1B96F71EA6EDDC00DED4CC /* LaunchScreen.storyboard in Resources */ = {isa = PBXBuildFile; fileRef = 4B1B96F51EA6EDDC00DED4CC /* LaunchScreen.storyboard */; };
/* End PBXBuildFile section */

/* Begin PBXFileReference section */
		4B1B96E91EA6EDDC00DED4CC /* MoneyChart.app */ = {isa = PBXFileReference; explicitFileType = wrapper.application; includeInIndex = 0; path = MoneyChart.app; sourceTree = BUILT_PRODUCTS_DIR; };
		4B1B96EC1EA6EDDC00DED4CC /* AppDelegate.swift */ = {isa = PBXFileReference; lastKnownFileType = sourcecode.swift; path = AppDelegate.swift; sourceTree = "<group>"; };
		4B1B96EE1EA6EDDC00DED4CC /* ViewController.swift */ = {isa = PBXFileReference; lastKnownFileType = sourcecode.swift; path = ViewController.swift; sourceTree = "<group>"; };
		4B1B96F11EA6EDDC00DED4CC /* Base */ = {isa = PBXFileReference; lastKnownFileType = file.storyboard; name = Base; path = Base.lproj/Main.storyboard; sourceTree = "<group>"; };
		4B1B96F31EA6EDDC00DED4CC /* Assets.xcassets */ = {isa = PBXFileReference; lastKnownFileType = folder.assetcatalog; path = Assets.xcassets; sourceTree = "<group>"; };
		4B1B96F61EA6EDDC00DED4CC /* Base */ = {isa = PBXFileReference; lastKnownFileType = file.storyboard; name = Base; path = Base.lproj/LaunchScreen.storyboard; sourceTree = "<group>"; };
		4B1B96F81EA6EDDC00DED4CC /* Info.plist */ = {isa = PBXFileReference; lastKnownFileType = text.plist.xml; path = Info.plist; sourceTree = "<group>"; };
/* End PBXFileReference section */

/* Begin PBXFrameworksBuildPhase section */
		4B1B96E61EA6EDDC00DED4CC /* Frameworks */ = {
			isa = PBXFrameworksBuildPhase;
			buildActionMask = 2147483647;
			files = (
			);
			runOnlyForDeploymentPostprocessing = 0;
		};
/* End PBXFrameworksBuildPhase section */

/* Begin PBXGroup section */
		4B1B96E01EA6EDDC00DED4CC = {
			isa = PBXGroup;
			children = (
				4B1B96EB1EA6EDDC00DED4CC /* MoneyChart */,
				4B1B96EA1EA6EDDC00DED4CC /* Products */,
			);
			sourceTree = "<group>";
		};
		4B1B96EA1EA6EDDC00DED4CC /* Products */ = {
			isa = PBXGroup;
			children = (
				4B1B96E91EA6EDDC00DED4CC /* MoneyChart.app */,
			);
			name = Products;
			sourceTree = "<group>";
		};
		4B1B96EB1EA6EDDC00DED4CC /* MoneyChart */ = {
			isa = PBXGroup;
			children = (
				4B1B96EC1EA6EDDC00DED4CC /* AppDelegate.swift */,
				4B1B96EE1EA6EDDC00DED4CC /* ViewController.swift */,
				4B1B96F01EA6EDDC00DED4CC /* Main.storyboard */,
				4B1B96F31EA6EDDC00DED4CC /* Assets.xcassets */,
				4B1B96F51EA6EDDC00DED4CC /* LaunchScreen.storyboard */,
				4B1B96F81EA6EDDC00DED4CC /* Info.plist */,
			);
			path = MoneyChart;
			sourceTree = "<group>";
		};
/* End PBXGroup section */

/* Begin PBXNativeTarget section */
		4B1B96E81EA6EDDC00DED4CC /* MoneyChart */ = {
			isa = PBXNativeTarget;
			buildConfigurationList = 4B1B96FB1EA6EDDC00DED4CC /* Build configuration list for PBXNativeTarget "MoneyChart" */;
			buildPhases = (
				4B1B96E51EA6EDDC00DED4CC /* Sources */,
				4B1B96E61EA6EDDC00DED4CC /* Frameworks */,
				4B1B96E71EA6EDDC00DED4CC /* Resources */,
			);
			buildRules = (
			);
			dependencies = (
			);
			name = MoneyChart;
			productName = MoneyChart;
			productReference = 4B1B96E91EA6EDDC00DED4CC /* MoneyChart.app */;
			productType = "com.apple.product-type.application";
		};
/* End PBXNativeTarget section */

/* Begin PBXProject section */
		4B1B96E11EA6EDDC00DED4CC /* Project object */ = {
			isa = PBXProject;
			attributes = {
				LastSwiftUpdateCheck = 0830;
				LastUpgradeCheck = 0830;
				ORGANIZATIONNAME = "Shane Empie";
				TargetAttributes = {
					4B1B96E81EA6EDDC00DED4CC = {
						CreatedOnToolsVersion = 8.3.1;
						DevelopmentTeam = 9N6M5Y8VH3;
						ProvisioningStyle = Automatic;
					};
				};
			};
			buildConfigurationList = 4B1B96E41EA6EDDC00DED4CC /* Build configuration list for PBXProject "MoneyChart" */;
			compatibilityVersion = "Xcode 3.2";
			developmentRegion = English;
			hasScannedForEncodings = 0;
			knownRegions = (
				en,
				Base,
			);
			mainGroup = 4B1B96E01EA6EDDC00DED4CC;
			productRefGroup = 4B1B96EA1EA6EDDC00DED4CC /* Products */;
			projectDirPath = "";
			projectRoot = "";
			targets = (
				4B1B96E81EA6EDDC00DED4CC /* MoneyChart */,
			);
		};
/* End PBXProject section */

/* Begin PBXResourcesBuildPhase section */
		4B1B96E71EA6EDDC00DED4CC /* Resources */ = {
			isa = PBXResourcesBuildPhase;
			buildActionMask = 2147483647;
			files = (
				4B1B96F71EA6EDDC00DED4CC /* LaunchScreen.storyboard in Resources */,
				4B1B96F41EA6EDDC00DED4CC /* Assets.xcassets in Resources */,
				4B1B96F21EA6EDDC00DED4CC /* Main.storyboard in Resources */,
			);
			runOnlyForDeploymentPostprocessing = 0;
		};
/* End PBXResourcesBuildPhase section */

/* Begin PBXSourcesBuildPhase section */
		4B1B96E51EA6EDDC00DED4CC /* Sources */ = {
			isa = PBXSourcesBuildPhase;
			buildActionMask = 2147483647;
			files = (
				4B1B96EF1EA6EDDC00DED4CC /* ViewController.swift in Sources */,
				4B1B96ED1EA6EDDC00DED4CC /* AppDelegate.swift in Sources */,
			);
			runOnlyForDeploymentPostprocessing = 0;
		};
/* End PBXSourcesBuildPhase section */

/* Begin PBXVariantGroup section */
		4B1B96F01EA6EDDC00DED4CC /* Main.storyboard */ = {
			isa = PBXVariantGroup;
			children = (
				4B1B96F11EA6EDDC00DED4CC /* Base */,
			);
			name = Main.storyboard;
			sourceTree = "<group>";
		};
		4B1B96F51EA6EDDC00DED4CC /* LaunchScreen.storyboard */ = {
			isa = PBXVariantGroup;
			children = (
				4B1B96F61EA6EDDC00DED4CC /* Base */,
			);
			name = LaunchScreen.storyboard;
			sourceTree = "<group>";
		};
/* End PBXVariantGroup section */

/* Begin XCBuildConfiguration section */
		4B1B96F91EA6EDDC00DED4CC /* Debug */ = {
			isa = XCBuildConfiguration;
			buildSettings = {
				ALWAYS_SEARCH_USER_PATHS = NO;
				CLANG_ANALYZER_NONNULL = YES;
				CLANG_ANALYZER_NUMBER_OBJECT_CONVERSION = YES_AGGRESSIVE;
				CLANG_CXX_LANGUAGE_STANDARD = "gnu++0x";
				CLANG_CXX_LIBRARY = "libc++";
				CLANG_ENABLE_MODULES = YES;
				CLANG_ENABLE_OBJC_ARC = YES;
				CLANG_WARN_BOOL_CONVERSION = YES;
				CLANG_WARN_CONSTANT_CONVERSION = YES;
				CLANG_WARN_DIRECT_OBJC_ISA_USAGE = YES_ERROR;
				CLANG_WARN_DOCUMENTATION_COMMENTS = YES;
				CLANG_WARN_EMPTY_BODY = YES;
				CLANG_WARN_ENUM_CONVERSION = YES;
				CLANG_WARN_INFINITE_RECURSION = YES;
				CLANG_WARN_INT_CONVERSION = YES;
				CLANG_WARN_OBJC_ROOT_CLASS = YES_ERROR;
				CLANG_WARN_SUSPICIOUS_MOVE = YES;
				CLANG_WARN_UNREACHABLE_CODE = YES;
				CLANG_WARN__DUPLICATE_METHOD_MATCH = YES;
				"CODE_SIGN_IDENTITY[sdk=iphoneos*]" = "iPhone Developer";
				COPY_PHASE_STRIP = NO;
				DEBUG_INFORMATION_FORMAT = dwarf;
				ENABLE_STRICT_OBJC_MSGSEND = YES;
				ENABLE_TESTABILITY = YES;
				GCC_C_LANGUAGE_STANDARD = gnu99;
				GCC_DYNAMIC_NO_PIC = NO;
				GCC_NO_COMMON_BLOCKS = YES;
				GCC_OPTIMIZATION_LEVEL = 0;
				GCC_PREPROCESSOR_DEFINITIONS = (
					"DEBUG=1",
					"$(inherited)",
				);
				GCC_WARN_64_TO_32_BIT_CONVERSION = YES;
				GCC_WARN_ABOUT_RETURN_TYPE = YES_ERROR;
				GCC_WARN_UNDECLARED_SELECTOR = YES;
				GCC_WARN_UNINITIALIZED_AUTOS = YES_AGGRESSIVE;
				GCC_WARN_UNUSED_FUNCTION = YES;
				GCC_WARN_UNUSED_VARIABLE = YES;
				IPHONEOS_DEPLOYMENT_TARGET = 10.3;
				MTL_ENABLE_DEBUG_INFO = YES;
				ONLY_ACTIVE_ARCH = YES;
				SDKROOT = iphoneos;
				SWIFT_ACTIVE_COMPILATION_CONDITIONS = DEBUG;
				SWIFT_OPTIMIZATION_LEVEL = "-Onone";
				TARGETED_DEVICE_FAMILY = "1,2";
			};
			name = Debug;
		};
		4B1B96FA1EA6EDDC00DED4CC /* Release */ = {
			isa = XCBuildConfiguration;
			buildSettings = {
				ALWAYS_SEARCH_USER_PATHS = NO;
				CLANG_ANALYZER_NONNULL = YES;
				CLANG_ANALYZER_NUMBER_OBJECT_CONVERSION = YES_AGGRESSIVE;
				CLANG_CXX_LANGUAGE_STANDARD = "gnu++0x";
				CLANG_CXX_LIBRARY = "libc++";
				CLANG_ENABLE_MODULES = YES;
				CLANG_ENABLE_OBJC_ARC = YES;
				CLANG_WARN_BOOL_CONVERSION = YES;
				CLANG_WARN_CONSTANT_CONVERSION = YES;
				CLANG_WARN_DIRECT_OBJC_ISA_USAGE = YES_ERROR;
				CLANG_WARN_DOCUMENTATION_COMMENTS = YES;
				CLANG_WARN_EMPTY_BODY = YES;
				CLANG_WARN_ENUM_CONVERSION = YES;
				CLANG_WARN_INFINITE_RECURSION = YES;
				CLANG_WARN_INT_CONVERSION = YES;
				CLANG_WARN_OBJC_ROOT_CLASS = YES_ERROR;
				CLANG_WARN_SUSPICIOUS_MOVE = YES;
				CLANG_WARN_UNREACHABLE_CODE = YES;
				CLANG_WARN__DUPLICATE_METHOD_MATCH = YES;
				"CODE_SIGN_IDENTITY[sdk=iphoneos*]" = "iPhone Developer";
				COPY_PHASE_STRIP = NO;
				DEBUG_INFORMATION_FORMAT = "dwarf-with-dsym";
				ENABLE_NS_ASSERTIONS = NO;
				ENABLE_STRICT_OBJC_MSGSEND = YES;
				GCC_C_LANGUAGE_STANDARD = gnu99;
				GCC_NO_COMMON_BLOCKS = YES;
				GCC_WARN_64_TO_32_BIT_CONVERSION = YES;
				GCC_WARN_ABOUT_RETURN_TYPE = YES_ERROR;
				GCC_WARN_UNDECLARED_SELECTOR = YES;
				GCC_WARN_UNINITIALIZED_AUTOS = YES_AGGRESSIVE;
				GCC_WARN_UNUSED_FUNCTION = YES;
				GCC_WARN_UNUSED_VARIABLE = YES;
				IPHONEOS_DEPLOYMENT_TARGET = 10.3;
				MTL_ENABLE_DEBUG_INFO = NO;
				SDKROOT = iphoneos;
				SWIFT_OPTIMIZATION_LEVEL = "-Owholemodule";
				TARGETED_DEVICE_FAMILY = "1,2";
				VALIDATE_PRODUCT = YES;
			};
			name = Release;
		};
		4B1B96FC1EA6EDDC00DED4CC /* Debug */ = {
			isa = XCBuildConfiguration;
			buildSettings = {
				ASSETCATALOG_COMPILER_APPICON_NAME = AppIcon;
				DEVELOPMENT_TEAM = 9N6M5Y8VH3;
				INFOPLIST_FILE = MoneyChart/Info.plist;
				LD_RUNPATH_SEARCH_PATHS = "$(inherited) @executable_path/Frameworks";
				PRODUCT_BUNDLE_IDENTIFIER = wccnet.edu.sempie.MoneyChart;
				PRODUCT_NAME = "$(TARGET_NAME)";
				SWIFT_VERSION = 3.0;
			};
			name = Debug;
		};
		4B1B96FD1EA6EDDC00DED4CC /* Release */ = {
			isa = XCBuildConfiguration;
			buildSettings = {
				ASSETCATALOG_COMPILER_APPICON_NAME = AppIcon;
				DEVELOPMENT_TEAM = 9N6M5Y8VH3;
				INFOPLIST_FILE = MoneyChart/Info.plist;
				LD_RUNPATH_SEARCH_PATHS = "$(inherited) @executable_path/Frameworks";
				PRODUCT_BUNDLE_IDENTIFIER = wccnet.edu.sempie.MoneyChart;
				PRODUCT_NAME = "$(TARGET_NAME)";
				SWIFT_VERSION = 3.0;
			};
			name = Release;
		};
/* End XCBuildConfiguration section */

/* Begin XCConfigurationList section */
		4B1B96E41EA6EDDC00DED4CC /* Build configuration list for PBXProject "MoneyChart" */ = {
			isa = XCConfigurationList;
			buildConfigurations = (
				4B1B96F91EA6EDDC00DED4CC /* Debug */,
				4B1B96FA1EA6EDDC00DED4CC /* Release */,
			);
			defaultConfigurationIsVisible = 0;
			defaultConfigurationName = Release;
		};
		4B1B96FB1EA6EDDC00DED4CC /* Build configuration list for PBXNativeTarget "MoneyChart" */ = {
			isa = XCConfigurationList;
			buildConfigurations = (
				4B1B96FC1EA6EDDC00DED4CC /* Debug */,
				4B1B96FD1EA6EDDC00DED4CC /* Release */,
			);
			defaultConfigurationIsVisible = 0;
		};
/* End XCConfigurationList section */
	};
	rootObject = 4B1B96E11EA6EDDC00DED4CC /* Project object */;
}
